// !$*UTF8*$!
{
	archiveVersion = 1;
	classes = {
	};
	objectVersion = 46;
	objects = {

/* Begin PBXBuildFile section */
		04CFBFE75F2E4F9CA79F1910 /* libPods.a in Frameworks */ = {isa = PBXBuildFile; fileRef = 7512DE471E6843E8AFA2C007 /* libPods.a */; };
		183F214C1957C860009D54E8 /* MemberDetailViewController.m in Sources */ = {isa = PBXBuildFile; fileRef = 183F214B1957C860009D54E8 /* MemberDetailViewController.m */; };
		183F214F1957CC61009D54E8 /* MemberDetailView.m in Sources */ = {isa = PBXBuildFile; fileRef = 183F214E1957CC61009D54E8 /* MemberDetailView.m */; };
		183F215519583392009D54E8 /* SettingView.m in Sources */ = {isa = PBXBuildFile; fileRef = 183F215419583392009D54E8 /* SettingView.m */; };
		1844724B195840C200B4A543 /* PasswordViewController.m in Sources */ = {isa = PBXBuildFile; fileRef = 1844724A195840C200B4A543 /* PasswordViewController.m */; };
		1844724E1958429000B4A543 /* PasswordView.m in Sources */ = {isa = PBXBuildFile; fileRef = 1844724D1958429000B4A543 /* PasswordView.m */; };
		184472511959171E00B4A543 /* AboutUsViewController.m in Sources */ = {isa = PBXBuildFile; fileRef = 184472501959171E00B4A543 /* AboutUsViewController.m */; };
		1844725419591EEA00B4A543 /* AboutUsView.m in Sources */ = {isa = PBXBuildFile; fileRef = 1844725319591EEA00B4A543 /* AboutUsView.m */; };
		184472571959545B00B4A543 /* LosTextField.m in Sources */ = {isa = PBXBuildFile; fileRef = 184472561959545B00B4A543 /* LosTextField.m */; };
		1844725A195C060400B4A543 /* EmployeePerformance.m in Sources */ = {isa = PBXBuildFile; fileRef = 18447259195C060400B4A543 /* EmployeePerformance.m */; };
		18447261195D532600B4A543 /* LosTimePicker.m in Sources */ = {isa = PBXBuildFile; fileRef = 18447260195D532600B4A543 /* LosTimePicker.m */; };
		18447264195D562B00B4A543 /* ReportEmployeeView.m in Sources */ = {isa = PBXBuildFile; fileRef = 18447263195D562B00B4A543 /* ReportEmployeeView.m */; };
		1844726719614A4300B4A543 /* SwitchShopButton.m in Sources */ = {isa = PBXBuildFile; fileRef = 1844726619614A4300B4A543 /* SwitchShopButton.m */; };
		1844726A196151E400B4A543 /* Enterprise.m in Sources */ = {isa = PBXBuildFile; fileRef = 18447269196151E400B4A543 /* Enterprise.m */; };
		1844726D1961652F00B4A543 /* ReportViewBase.m in Sources */ = {isa = PBXBuildFile; fileRef = 1844726C1961652F00B4A543 /* ReportViewBase.m */; };
		184472701962509B00B4A543 /* ReportCustomView.m in Sources */ = {isa = PBXBuildFile; fileRef = 1844726F1962509B00B4A543 /* ReportCustomView.m */; };
		18447273196250CE00B4A543 /* ReportCustomViewController.m in Sources */ = {isa = PBXBuildFile; fileRef = 18447272196250CE00B4A543 /* ReportCustomViewController.m */; };
		184472761962563700B4A543 /* ReportViewControllerBase.m in Sources */ = {isa = PBXBuildFile; fileRef = 184472751962563700B4A543 /* ReportViewControllerBase.m */; };
		184472791962749D00B4A543 /* ReportDateStatus.m in Sources */ = {isa = PBXBuildFile; fileRef = 184472781962749D00B4A543 /* ReportDateStatus.m */; };
		184472831963F18B00B4A543 /* LosBarChart.m in Sources */ = {isa = PBXBuildFile; fileRef = 184472821963F18B00B4A543 /* LosBarChart.m */; };
		184472861967A57800B4A543 /* ReportShopViewController.m in Sources */ = {isa = PBXBuildFile; fileRef = 184472851967A57800B4A543 /* ReportShopViewController.m */; };
		184472891967A5D200B4A543 /* ReportShopView.m in Sources */ = {isa = PBXBuildFile; fileRef = 184472881967A5D200B4A543 /* ReportShopView.m */; };
		1844728F1967E97300B4A543 /* LosPieChart.m in Sources */ = {isa = PBXBuildFile; fileRef = 1844728E1967E97300B4A543 /* LosPieChart.m */; };
		1844729C196820D100B4A543 /* PerformanceCompareView.m in Sources */ = {isa = PBXBuildFile; fileRef = 1844729B196820D100B4A543 /* PerformanceCompareView.m */; };
		1844729F196A50F400B4A543 /* EnterpriseDao.m in Sources */ = {isa = PBXBuildFile; fileRef = 1844729E196A50F400B4A543 /* EnterpriseDao.m */; };
		184472A2196A515A00B4A543 /* MemberDao.m in Sources */ = {isa = PBXBuildFile; fileRef = 184472A1196A515A00B4A543 /* MemberDao.m */; };
		184472A5196A51AC00B4A543 /* ReportDao.m in Sources */ = {isa = PBXBuildFile; fileRef = 184472A4196A51AC00B4A543 /* ReportDao.m */; };
		184472AB196ABFBA00B4A543 /* BusinessPerformance.m in Sources */ = {isa = PBXBuildFile; fileRef = 184472AA196ABFBA00B4A543 /* BusinessPerformance.m */; };
		184472AE196CF11000B4A543 /* ReportServiceView.m in Sources */ = {isa = PBXBuildFile; fileRef = 184472AD196CF11000B4A543 /* ReportServiceView.m */; };
		184472B1196CF19300B4A543 /* ReportServiceViewController.m in Sources */ = {isa = PBXBuildFile; fileRef = 184472B0196CF19300B4A543 /* ReportServiceViewController.m */; };
		184472B4196D279A00B4A543 /* HorizontalLine.m in Sources */ = {isa = PBXBuildFile; fileRef = 184472B3196D279A00B4A543 /* HorizontalLine.m */; };
		184472B7196D299600B4A543 /* ServicePerformance.m in Sources */ = {isa = PBXBuildFile; fileRef = 184472B6196D299600B4A543 /* ServicePerformance.m */; };
		184472BA196D2DB300B4A543 /* ServicePerformanceView.m in Sources */ = {isa = PBXBuildFile; fileRef = 184472B9196D2DB300B4A543 /* ServicePerformanceView.m */; };
		184472BD196E856D00B4A543 /* LosLineChart.m in Sources */ = {isa = PBXBuildFile; fileRef = 184472BC196E856D00B4A543 /* LosLineChart.m */; };
		184472C0196F8DC200B4A543 /* CustomerCount.m in Sources */ = {isa = PBXBuildFile; fileRef = 184472BF196F8DC200B4A543 /* CustomerCount.m */; };
		184473041974D90600B4A543 /* EnterpriseListView.m in Sources */ = {isa = PBXBuildFile; fileRef = 184473031974D90600B4A543 /* EnterpriseListView.m */; };
		186667011949864100A345F7 /* WelcomeViewController.m in Sources */ = {isa = PBXBuildFile; fileRef = 186667001949864100A345F7 /* WelcomeViewController.m */; };
		1866670519498B5600A345F7 /* UserData.m in Sources */ = {isa = PBXBuildFile; fileRef = 1866670419498B5600A345F7 /* UserData.m */; };
		1866670819498D1C00A345F7 /* LoginViewController.m in Sources */ = {isa = PBXBuildFile; fileRef = 1866670719498D1C00A345F7 /* LoginViewController.m */; };
		1866670B19498F1D00A345F7 /* BootstrapViewController.m in Sources */ = {isa = PBXBuildFile; fileRef = 1866670A19498F1D00A345F7 /* BootstrapViewController.m */; };
		1866670F1949931800A345F7 /* LoginView.m in Sources */ = {isa = PBXBuildFile; fileRef = 1866670E1949931800A345F7 /* LoginView.m */; };
		186667121949A9D000A345F7 /* BootstrapView.m in Sources */ = {isa = PBXBuildFile; fileRef = 186667111949A9D000A345F7 /* BootstrapView.m */; };
		186667151949ACD600A345F7 /* VersionInfo.m in Sources */ = {isa = PBXBuildFile; fileRef = 186667141949ACD600A345F7 /* VersionInfo.m */; };
		186667181949AD4900A345F7 /* PathResolver.m in Sources */ = {isa = PBXBuildFile; fileRef = 186667171949AD4900A345F7 /* PathResolver.m */; };
		1866671C1949B2E900A345F7 /* UpdateHelper.m in Sources */ = {isa = PBXBuildFile; fileRef = 1866671B1949B2E900A345F7 /* UpdateHelper.m */; };
		186667201949C2D400A345F7 /* LosHttpsBase.m in Sources */ = {isa = PBXBuildFile; fileRef = 1866671F1949C2D400A345F7 /* LosHttpsBase.m */; };
		1866672D1949C37E00A345F7 /* client.p12 in Resources */ = {isa = PBXBuildFile; fileRef = 1866672C1949C37E00A345F7 /* client.p12 */; };
		186667301949C3B700A345F7 /* LosHttpHelper.m in Sources */ = {isa = PBXBuildFile; fileRef = 1866672F1949C3B700A345F7 /* LosHttpHelper.m */; };
		186667361949CB3F00A345F7 /* TimesHelper.m in Sources */ = {isa = PBXBuildFile; fileRef = 186667351949CB3F00A345F7 /* TimesHelper.m */; };
		1866673C1949F8F100A345F7 /* ReportEmployeeViewController.m in Sources */ = {isa = PBXBuildFile; fileRef = 1866673B1949F8F100A345F7 /* ReportEmployeeViewController.m */; };
		1866673F1949F98200A345F7 /* ContactViewController.m in Sources */ = {isa = PBXBuildFile; fileRef = 1866673E1949F98200A345F7 /* ContactViewController.m */; };
		186667421949FB6100A345F7 /* SettingViewController.m in Sources */ = {isa = PBXBuildFile; fileRef = 186667411949FB6100A345F7 /* SettingViewController.m */; };
		18666745194A9FC900A345F7 /* RegisterStep1ViewController.m in Sources */ = {isa = PBXBuildFile; fileRef = 18666744194A9FC900A345F7 /* RegisterStep1ViewController.m */; };
		18666748194A9FFF00A345F7 /* RegisterStep1View.m in Sources */ = {isa = PBXBuildFile; fileRef = 18666747194A9FFF00A345F7 /* RegisterStep1View.m */; };
		1866674D194AD1BA00A345F7 /* Reachability.m in Sources */ = {isa = PBXBuildFile; fileRef = 1866674C194AD1BA00A345F7 /* Reachability.m */; };
		18666754194AD52400A345F7 /* StringUtils.m in Sources */ = {isa = PBXBuildFile; fileRef = 18666753194AD52400A345F7 /* StringUtils.m */; };
		186C35C31975124800633AE4 /* LosBaseView.m in Sources */ = {isa = PBXBuildFile; fileRef = 186C35C21975124800633AE4 /* LosBaseView.m */; };
		186C35C6197535C400633AE4 /* LoginOrRegisterViewController.m in Sources */ = {isa = PBXBuildFile; fileRef = 186C35C5197535C400633AE4 /* LoginOrRegisterViewController.m */; };
		186C35C9197535F600633AE4 /* LoginOrRegisterView.m in Sources */ = {isa = PBXBuildFile; fileRef = 186C35C8197535F600633AE4 /* LoginOrRegisterView.m */; };
		186C35CF19755ADA00633AE4 /* RegisterOrResetStep2View.m in Sources */ = {isa = PBXBuildFile; fileRef = 186C35CE19755ADA00633AE4 /* RegisterOrResetStep2View.m */; };
		186C35D219755B0F00633AE4 /* RegisterOrResetStep2ViewController.m in Sources */ = {isa = PBXBuildFile; fileRef = 186C35D119755B0F00633AE4 /* RegisterOrResetStep2ViewController.m */; };
		186C35D51976208600633AE4 /* ResetStep1ViewController.m in Sources */ = {isa = PBXBuildFile; fileRef = 186C35D41976208600633AE4 /* ResetStep1ViewController.m */; };
		186C35D8197621C900633AE4 /* ResetStep1View.m in Sources */ = {isa = PBXBuildFile; fileRef = 186C35D7197621C900633AE4 /* ResetStep1View.m */; };
		186C35DB1976678F00633AE4 /* ContactDataSource.m in Sources */ = {isa = PBXBuildFile; fileRef = 186C35DA1976678F00633AE4 /* ContactDataSource.m */; };
		186C35DE1976746B00633AE4 /* ContactNeverLoadView.m in Sources */ = {isa = PBXBuildFile; fileRef = 186C35DD1976746B00633AE4 /* ContactNeverLoadView.m */; };
		186C35E11977B72100633AE4 /* AppUpdateViewController.m in Sources */ = {isa = PBXBuildFile; fileRef = 186C35E01977B72100633AE4 /* AppUpdateViewController.m */; };
		186C35E41977B75500633AE4 /* AppUpdateView.m in Sources */ = {isa = PBXBuildFile; fileRef = 186C35E31977B75500633AE4 /* AppUpdateView.m */; };
		186C35E71978CF7700633AE4 /* ContactLoadingView.m in Sources */ = {isa = PBXBuildFile; fileRef = 186C35E61978CF7700633AE4 /* ContactLoadingView.m */; };
		186C35EA1978FB2000633AE4 /* MemberTableViewCell.m in Sources */ = {isa = PBXBuildFile; fileRef = 186C35E91978FB2000633AE4 /* MemberTableViewCell.m */; };
		18AFE5F5195178210083C972 /* UITableViewCell+ReuseIdentifier.m in Sources */ = {isa = PBXBuildFile; fileRef = 18AFE5F4195178210083C972 /* UITableViewCell+ReuseIdentifier.m */; };
		18AFE5FC1951986F0083C972 /* ContactView.m in Sources */ = {isa = PBXBuildFile; fileRef = 18AFE5FB1951986F0083C972 /* ContactView.m */; };
		18AFE600195296D70083C972 /* Member.m in Sources */ = {isa = PBXBuildFile; fileRef = 18AFE5FF195296D70083C972 /* Member.m */; };
		18AFE6031952D1A10083C972 /* AddShopViewController.m in Sources */ = {isa = PBXBuildFile; fileRef = 18AFE6021952D1A10083C972 /* AddShopViewController.m */; };
		18AFE6061952E2F70083C972 /* AddShopView.m in Sources */ = {isa = PBXBuildFile; fileRef = 18AFE6051952E2F70083C972 /* AddShopView.m */; };
		18AFE61C1953F6450083C972 /* Localizable.strings in Resources */ = {isa = PBXBuildFile; fileRef = 18AFE61E1953F6450083C972 /* Localizable.strings */; };
		18AFE623195434B20083C972 /* SyncService.m in Sources */ = {isa = PBXBuildFile; fileRef = 18AFE622195434B20083C972 /* SyncService.m */; };
		18AFE627195527290083C972 /* LosDropDown.m in Sources */ = {isa = PBXBuildFile; fileRef = 18AFE626195527290083C972 /* LosDropDown.m */; };
		18B2EE121946E0EF00264B74 /* Foundation.framework in Frameworks */ = {isa = PBXBuildFile; fileRef = 18B2EE111946E0EF00264B74 /* Foundation.framework */; };
		18B2EE141946E0EF00264B74 /* CoreGraphics.framework in Frameworks */ = {isa = PBXBuildFile; fileRef = 18B2EE131946E0EF00264B74 /* CoreGraphics.framework */; };
		18B2EE161946E0EF00264B74 /* UIKit.framework in Frameworks */ = {isa = PBXBuildFile; fileRef = 18B2EE151946E0EF00264B74 /* UIKit.framework */; };
		18B2EE1E1946E0EF00264B74 /* main.m in Sources */ = {isa = PBXBuildFile; fileRef = 18B2EE1D1946E0EF00264B74 /* main.m */; };
		18B2EE221946E0EF00264B74 /* LosAppDelegate.m in Sources */ = {isa = PBXBuildFile; fileRef = 18B2EE211946E0EF00264B74 /* LosAppDelegate.m */; };
		18B2EE241946E0EF00264B74 /* Images.xcassets in Resources */ = {isa = PBXBuildFile; fileRef = 18B2EE231946E0EF00264B74 /* Images.xcassets */; };
/* End PBXBuildFile section */

/* Begin PBXFileReference section */
		183F214A1957C860009D54E8 /* MemberDetailViewController.h */ = {isa = PBXFileReference; fileEncoding = 4; lastKnownFileType = sourcecode.c.h; path = MemberDetailViewController.h; sourceTree = "<group>"; };
		183F214B1957C860009D54E8 /* MemberDetailViewController.m */ = {isa = PBXFileReference; fileEncoding = 4; lastKnownFileType = sourcecode.c.objc; path = MemberDetailViewController.m; sourceTree = "<group>"; };
		183F214D1957CC61009D54E8 /* MemberDetailView.h */ = {isa = PBXFileReference; fileEncoding = 4; lastKnownFileType = sourcecode.c.h; path = MemberDetailView.h; sourceTree = "<group>"; };
		183F214E1957CC61009D54E8 /* MemberDetailView.m */ = {isa = PBXFileReference; fileEncoding = 4; lastKnownFileType = sourcecode.c.objc; path = MemberDetailView.m; sourceTree = "<group>"; };
		183F215319583392009D54E8 /* SettingView.h */ = {isa = PBXFileReference; fileEncoding = 4; lastKnownFileType = sourcecode.c.h; path = SettingView.h; sourceTree = "<group>"; };
		183F215419583392009D54E8 /* SettingView.m */ = {isa = PBXFileReference; fileEncoding = 4; lastKnownFileType = sourcecode.c.objc; path = SettingView.m; sourceTree = "<group>"; };
		18447249195840C200B4A543 /* PasswordViewController.h */ = {isa = PBXFileReference; fileEncoding = 4; lastKnownFileType = sourcecode.c.h; path = PasswordViewController.h; sourceTree = "<group>"; };
		1844724A195840C200B4A543 /* PasswordViewController.m */ = {isa = PBXFileReference; fileEncoding = 4; lastKnownFileType = sourcecode.c.objc; path = PasswordViewController.m; sourceTree = "<group>"; };
		1844724C1958429000B4A543 /* PasswordView.h */ = {isa = PBXFileReference; fileEncoding = 4; lastKnownFileType = sourcecode.c.h; path = PasswordView.h; sourceTree = "<group>"; };
		1844724D1958429000B4A543 /* PasswordView.m */ = {isa = PBXFileReference; fileEncoding = 4; lastKnownFileType = sourcecode.c.objc; path = PasswordView.m; sourceTree = "<group>"; };
		1844724F1959171E00B4A543 /* AboutUsViewController.h */ = {isa = PBXFileReference; fileEncoding = 4; lastKnownFileType = sourcecode.c.h; path = AboutUsViewController.h; sourceTree = "<group>"; };
		184472501959171E00B4A543 /* AboutUsViewController.m */ = {isa = PBXFileReference; fileEncoding = 4; lastKnownFileType = sourcecode.c.objc; path = AboutUsViewController.m; sourceTree = "<group>"; };
		1844725219591EEA00B4A543 /* AboutUsView.h */ = {isa = PBXFileReference; fileEncoding = 4; lastKnownFileType = sourcecode.c.h; path = AboutUsView.h; sourceTree = "<group>"; };
		1844725319591EEA00B4A543 /* AboutUsView.m */ = {isa = PBXFileReference; fileEncoding = 4; lastKnownFileType = sourcecode.c.objc; path = AboutUsView.m; sourceTree = "<group>"; };
		184472551959545B00B4A543 /* LosTextField.h */ = {isa = PBXFileReference; fileEncoding = 4; lastKnownFileType = sourcecode.c.h; path = LosTextField.h; sourceTree = "<group>"; };
		184472561959545B00B4A543 /* LosTextField.m */ = {isa = PBXFileReference; fileEncoding = 4; lastKnownFileType = sourcecode.c.objc; path = LosTextField.m; sourceTree = "<group>"; };
		18447258195C060400B4A543 /* EmployeePerformance.h */ = {isa = PBXFileReference; fileEncoding = 4; lastKnownFileType = sourcecode.c.h; path = EmployeePerformance.h; sourceTree = "<group>"; };
		18447259195C060400B4A543 /* EmployeePerformance.m */ = {isa = PBXFileReference; fileEncoding = 4; lastKnownFileType = sourcecode.c.objc; path = EmployeePerformance.m; sourceTree = "<group>"; };
		1844725F195D532600B4A543 /* LosTimePicker.h */ = {isa = PBXFileReference; fileEncoding = 4; lastKnownFileType = sourcecode.c.h; path = LosTimePicker.h; sourceTree = "<group>"; };
		18447260195D532600B4A543 /* LosTimePicker.m */ = {isa = PBXFileReference; fileEncoding = 4; lastKnownFileType = sourcecode.c.objc; path = LosTimePicker.m; sourceTree = "<group>"; };
		18447262195D562B00B4A543 /* ReportEmployeeView.h */ = {isa = PBXFileReference; fileEncoding = 4; lastKnownFileType = sourcecode.c.h; path = ReportEmployeeView.h; sourceTree = "<group>"; };
		18447263195D562B00B4A543 /* ReportEmployeeView.m */ = {isa = PBXFileReference; fileEncoding = 4; lastKnownFileType = sourcecode.c.objc; path = ReportEmployeeView.m; sourceTree = "<group>"; };
		1844726519614A4300B4A543 /* SwitchShopButton.h */ = {isa = PBXFileReference; fileEncoding = 4; lastKnownFileType = sourcecode.c.h; path = SwitchShopButton.h; sourceTree = "<group>"; };
		1844726619614A4300B4A543 /* SwitchShopButton.m */ = {isa = PBXFileReference; fileEncoding = 4; lastKnownFileType = sourcecode.c.objc; path = SwitchShopButton.m; sourceTree = "<group>"; };
		18447268196151E400B4A543 /* Enterprise.h */ = {isa = PBXFileReference; fileEncoding = 4; lastKnownFileType = sourcecode.c.h; path = Enterprise.h; sourceTree = "<group>"; };
		18447269196151E400B4A543 /* Enterprise.m */ = {isa = PBXFileReference; fileEncoding = 4; lastKnownFileType = sourcecode.c.objc; path = Enterprise.m; sourceTree = "<group>"; };
		1844726B1961652F00B4A543 /* ReportViewBase.h */ = {isa = PBXFileReference; fileEncoding = 4; lastKnownFileType = sourcecode.c.h; path = ReportViewBase.h; sourceTree = "<group>"; };
		1844726C1961652F00B4A543 /* ReportViewBase.m */ = {isa = PBXFileReference; fileEncoding = 4; lastKnownFileType = sourcecode.c.objc; path = ReportViewBase.m; sourceTree = "<group>"; };
		1844726E1962509B00B4A543 /* ReportCustomView.h */ = {isa = PBXFileReference; fileEncoding = 4; lastKnownFileType = sourcecode.c.h; path = ReportCustomView.h; sourceTree = "<group>"; };
		1844726F1962509B00B4A543 /* ReportCustomView.m */ = {isa = PBXFileReference; fileEncoding = 4; lastKnownFileType = sourcecode.c.objc; path = ReportCustomView.m; sourceTree = "<group>"; };
		18447271196250CE00B4A543 /* ReportCustomViewController.h */ = {isa = PBXFileReference; fileEncoding = 4; lastKnownFileType = sourcecode.c.h; path = ReportCustomViewController.h; sourceTree = "<group>"; };
		18447272196250CE00B4A543 /* ReportCustomViewController.m */ = {isa = PBXFileReference; fileEncoding = 4; lastKnownFileType = sourcecode.c.objc; path = ReportCustomViewController.m; sourceTree = "<group>"; };
		184472741962563700B4A543 /* ReportViewControllerBase.h */ = {isa = PBXFileReference; fileEncoding = 4; lastKnownFileType = sourcecode.c.h; path = ReportViewControllerBase.h; sourceTree = "<group>"; };
		184472751962563700B4A543 /* ReportViewControllerBase.m */ = {isa = PBXFileReference; fileEncoding = 4; lastKnownFileType = sourcecode.c.objc; path = ReportViewControllerBase.m; sourceTree = "<group>"; };
		184472771962749D00B4A543 /* ReportDateStatus.h */ = {isa = PBXFileReference; fileEncoding = 4; lastKnownFileType = sourcecode.c.h; path = ReportDateStatus.h; sourceTree = "<group>"; };
		184472781962749D00B4A543 /* ReportDateStatus.m */ = {isa = PBXFileReference; fileEncoding = 4; lastKnownFileType = sourcecode.c.objc; path = ReportDateStatus.m; sourceTree = "<group>"; };
		184472811963F18B00B4A543 /* LosBarChart.h */ = {isa = PBXFileReference; fileEncoding = 4; lastKnownFileType = sourcecode.c.h; path = LosBarChart.h; sourceTree = "<group>"; };
		184472821963F18B00B4A543 /* LosBarChart.m */ = {isa = PBXFileReference; fileEncoding = 4; lastKnownFileType = sourcecode.c.objc; path = LosBarChart.m; sourceTree = "<group>"; };
		184472841967A57800B4A543 /* ReportShopViewController.h */ = {isa = PBXFileReference; fileEncoding = 4; lastKnownFileType = sourcecode.c.h; path = ReportShopViewController.h; sourceTree = "<group>"; };
		184472851967A57800B4A543 /* ReportShopViewController.m */ = {isa = PBXFileReference; fileEncoding = 4; lastKnownFileType = sourcecode.c.objc; path = ReportShopViewController.m; sourceTree = "<group>"; };
		184472871967A5D200B4A543 /* ReportShopView.h */ = {isa = PBXFileReference; fileEncoding = 4; lastKnownFileType = sourcecode.c.h; path = ReportShopView.h; sourceTree = "<group>"; };
		184472881967A5D200B4A543 /* ReportShopView.m */ = {isa = PBXFileReference; fileEncoding = 4; lastKnownFileType = sourcecode.c.objc; path = ReportShopView.m; sourceTree = "<group>"; };
		1844728D1967E97300B4A543 /* LosPieChart.h */ = {isa = PBXFileReference; fileEncoding = 4; lastKnownFileType = sourcecode.c.h; path = LosPieChart.h; sourceTree = "<group>"; };
		1844728E1967E97300B4A543 /* LosPieChart.m */ = {isa = PBXFileReference; fileEncoding = 4; lastKnownFileType = sourcecode.c.objc; path = LosPieChart.m; sourceTree = "<group>"; };
		1844729A196820D100B4A543 /* PerformanceCompareView.h */ = {isa = PBXFileReference; fileEncoding = 4; lastKnownFileType = sourcecode.c.h; path = PerformanceCompareView.h; sourceTree = "<group>"; };
		1844729B196820D100B4A543 /* PerformanceCompareView.m */ = {isa = PBXFileReference; fileEncoding = 4; lastKnownFileType = sourcecode.c.objc; path = PerformanceCompareView.m; sourceTree = "<group>"; };
		1844729D196A50F400B4A543 /* EnterpriseDao.h */ = {isa = PBXFileReference; fileEncoding = 4; lastKnownFileType = sourcecode.c.h; path = EnterpriseDao.h; sourceTree = "<group>"; };
		1844729E196A50F400B4A543 /* EnterpriseDao.m */ = {isa = PBXFileReference; fileEncoding = 4; lastKnownFileType = sourcecode.c.objc; path = EnterpriseDao.m; sourceTree = "<group>"; };
		184472A0196A515A00B4A543 /* MemberDao.h */ = {isa = PBXFileReference; fileEncoding = 4; lastKnownFileType = sourcecode.c.h; path = MemberDao.h; sourceTree = "<group>"; };
		184472A1196A515A00B4A543 /* MemberDao.m */ = {isa = PBXFileReference; fileEncoding = 4; lastKnownFileType = sourcecode.c.objc; path = MemberDao.m; sourceTree = "<group>"; };
		184472A3196A51AC00B4A543 /* ReportDao.h */ = {isa = PBXFileReference; fileEncoding = 4; lastKnownFileType = sourcecode.c.h; path = ReportDao.h; sourceTree = "<group>"; };
		184472A4196A51AC00B4A543 /* ReportDao.m */ = {isa = PBXFileReference; fileEncoding = 4; lastKnownFileType = sourcecode.c.objc; path = ReportDao.m; sourceTree = "<group>"; };
		184472A6196A529800B4A543 /* LosDao.h */ = {isa = PBXFileReference; fileEncoding = 4; lastKnownFileType = sourcecode.c.h; path = LosDao.h; sourceTree = "<group>"; };
		184472A9196ABFBA00B4A543 /* BusinessPerformance.h */ = {isa = PBXFileReference; fileEncoding = 4; lastKnownFileType = sourcecode.c.h; path = BusinessPerformance.h; sourceTree = "<group>"; };
		184472AA196ABFBA00B4A543 /* BusinessPerformance.m */ = {isa = PBXFileReference; fileEncoding = 4; lastKnownFileType = sourcecode.c.objc; path = BusinessPerformance.m; sourceTree = "<group>"; };
		184472AC196CF11000B4A543 /* ReportServiceView.h */ = {isa = PBXFileReference; fileEncoding = 4; lastKnownFileType = sourcecode.c.h; path = ReportServiceView.h; sourceTree = "<group>"; };
		184472AD196CF11000B4A543 /* ReportServiceView.m */ = {isa = PBXFileReference; fileEncoding = 4; lastKnownFileType = sourcecode.c.objc; path = ReportServiceView.m; sourceTree = "<group>"; };
		184472AF196CF19300B4A543 /* ReportServiceViewController.h */ = {isa = PBXFileReference; fileEncoding = 4; lastKnownFileType = sourcecode.c.h; path = ReportServiceViewController.h; sourceTree = "<group>"; };
		184472B0196CF19300B4A543 /* ReportServiceViewController.m */ = {isa = PBXFileReference; fileEncoding = 4; lastKnownFileType = sourcecode.c.objc; path = ReportServiceViewController.m; sourceTree = "<group>"; };
		184472B2196D279A00B4A543 /* HorizontalLine.h */ = {isa = PBXFileReference; fileEncoding = 4; lastKnownFileType = sourcecode.c.h; path = HorizontalLine.h; sourceTree = "<group>"; };
		184472B3196D279A00B4A543 /* HorizontalLine.m */ = {isa = PBXFileReference; fileEncoding = 4; lastKnownFileType = sourcecode.c.objc; path = HorizontalLine.m; sourceTree = "<group>"; };
		184472B5196D299600B4A543 /* ServicePerformance.h */ = {isa = PBXFileReference; fileEncoding = 4; lastKnownFileType = sourcecode.c.h; path = ServicePerformance.h; sourceTree = "<group>"; };
		184472B6196D299600B4A543 /* ServicePerformance.m */ = {isa = PBXFileReference; fileEncoding = 4; lastKnownFileType = sourcecode.c.objc; path = ServicePerformance.m; sourceTree = "<group>"; };
		184472B8196D2DB300B4A543 /* ServicePerformanceView.h */ = {isa = PBXFileReference; fileEncoding = 4; lastKnownFileType = sourcecode.c.h; path = ServicePerformanceView.h; sourceTree = "<group>"; };
		184472B9196D2DB300B4A543 /* ServicePerformanceView.m */ = {isa = PBXFileReference; fileEncoding = 4; lastKnownFileType = sourcecode.c.objc; path = ServicePerformanceView.m; sourceTree = "<group>"; };
		184472BB196E856D00B4A543 /* LosLineChart.h */ = {isa = PBXFileReference; fileEncoding = 4; lastKnownFileType = sourcecode.c.h; path = LosLineChart.h; sourceTree = "<group>"; };
		184472BC196E856D00B4A543 /* LosLineChart.m */ = {isa = PBXFileReference; fileEncoding = 4; lastKnownFileType = sourcecode.c.objc; path = LosLineChart.m; sourceTree = "<group>"; };
		184472BE196F8DC200B4A543 /* CustomerCount.h */ = {isa = PBXFileReference; fileEncoding = 4; lastKnownFileType = sourcecode.c.h; path = CustomerCount.h; sourceTree = "<group>"; };
		184472BF196F8DC200B4A543 /* CustomerCount.m */ = {isa = PBXFileReference; fileEncoding = 4; lastKnownFileType = sourcecode.c.objc; path = CustomerCount.m; sourceTree = "<group>"; };
		184473021974D90600B4A543 /* EnterpriseListView.h */ = {isa = PBXFileReference; fileEncoding = 4; lastKnownFileType = sourcecode.c.h; path = EnterpriseListView.h; sourceTree = "<group>"; };
		184473031974D90600B4A543 /* EnterpriseListView.m */ = {isa = PBXFileReference; fileEncoding = 4; lastKnownFileType = sourcecode.c.objc; path = EnterpriseListView.m; sourceTree = "<group>"; };
		186666FF1949864100A345F7 /* WelcomeViewController.h */ = {isa = PBXFileReference; fileEncoding = 4; lastKnownFileType = sourcecode.c.h; path = WelcomeViewController.h; sourceTree = "<group>"; };
		186667001949864100A345F7 /* WelcomeViewController.m */ = {isa = PBXFileReference; fileEncoding = 4; lastKnownFileType = sourcecode.c.objc; path = WelcomeViewController.m; sourceTree = "<group>"; };
		1866670319498B5600A345F7 /* UserData.h */ = {isa = PBXFileReference; fileEncoding = 4; lastKnownFileType = sourcecode.c.h; path = UserData.h; sourceTree = "<group>"; };
		1866670419498B5600A345F7 /* UserData.m */ = {isa = PBXFileReference; fileEncoding = 4; lastKnownFileType = sourcecode.c.objc; path = UserData.m; sourceTree = "<group>"; };
		1866670619498D1C00A345F7 /* LoginViewController.h */ = {isa = PBXFileReference; fileEncoding = 4; lastKnownFileType = sourcecode.c.h; path = LoginViewController.h; sourceTree = "<group>"; };
		1866670719498D1C00A345F7 /* LoginViewController.m */ = {isa = PBXFileReference; fileEncoding = 4; lastKnownFileType = sourcecode.c.objc; path = LoginViewController.m; sourceTree = "<group>"; };
		1866670919498F1D00A345F7 /* BootstrapViewController.h */ = {isa = PBXFileReference; fileEncoding = 4; lastKnownFileType = sourcecode.c.h; path = BootstrapViewController.h; sourceTree = "<group>"; };
		1866670A19498F1D00A345F7 /* BootstrapViewController.m */ = {isa = PBXFileReference; fileEncoding = 4; lastKnownFileType = sourcecode.c.objc; path = BootstrapViewController.m; sourceTree = "<group>"; };
		1866670D1949931800A345F7 /* LoginView.h */ = {isa = PBXFileReference; fileEncoding = 4; lastKnownFileType = sourcecode.c.h; path = LoginView.h; sourceTree = "<group>"; };
		1866670E1949931800A345F7 /* LoginView.m */ = {isa = PBXFileReference; fileEncoding = 4; lastKnownFileType = sourcecode.c.objc; path = LoginView.m; sourceTree = "<group>"; };
		186667101949A9D000A345F7 /* BootstrapView.h */ = {isa = PBXFileReference; fileEncoding = 4; lastKnownFileType = sourcecode.c.h; path = BootstrapView.h; sourceTree = "<group>"; };
		186667111949A9D000A345F7 /* BootstrapView.m */ = {isa = PBXFileReference; fileEncoding = 4; lastKnownFileType = sourcecode.c.objc; path = BootstrapView.m; sourceTree = "<group>"; };
		186667131949ACD600A345F7 /* VersionInfo.h */ = {isa = PBXFileReference; fileEncoding = 4; lastKnownFileType = sourcecode.c.h; path = VersionInfo.h; sourceTree = "<group>"; };
		186667141949ACD600A345F7 /* VersionInfo.m */ = {isa = PBXFileReference; fileEncoding = 4; lastKnownFileType = sourcecode.c.objc; path = VersionInfo.m; sourceTree = "<group>"; };
		186667161949AD4900A345F7 /* PathResolver.h */ = {isa = PBXFileReference; fileEncoding = 4; lastKnownFileType = sourcecode.c.h; path = PathResolver.h; sourceTree = "<group>"; };
		186667171949AD4900A345F7 /* PathResolver.m */ = {isa = PBXFileReference; fileEncoding = 4; lastKnownFileType = sourcecode.c.objc; path = PathResolver.m; sourceTree = "<group>"; };
		1866671A1949B2E900A345F7 /* UpdateHelper.h */ = {isa = PBXFileReference; fileEncoding = 4; lastKnownFileType = sourcecode.c.h; path = UpdateHelper.h; sourceTree = "<group>"; };
		1866671B1949B2E900A345F7 /* UpdateHelper.m */ = {isa = PBXFileReference; fileEncoding = 4; lastKnownFileType = sourcecode.c.objc; path = UpdateHelper.m; sourceTree = "<group>"; };
		1866671E1949C2D400A345F7 /* LosHttpsBase.h */ = {isa = PBXFileReference; fileEncoding = 4; lastKnownFileType = sourcecode.c.h; path = LosHttpsBase.h; sourceTree = "<group>"; };
		1866671F1949C2D400A345F7 /* LosHttpsBase.m */ = {isa = PBXFileReference; fileEncoding = 4; lastKnownFileType = sourcecode.c.objc; path = LosHttpsBase.m; sourceTree = "<group>"; };
		1866672C1949C37E00A345F7 /* client.p12 */ = {isa = PBXFileReference; lastKnownFileType = file; path = client.p12; sourceTree = "<group>"; };
		1866672E1949C3B700A345F7 /* LosHttpHelper.h */ = {isa = PBXFileReference; fileEncoding = 4; lastKnownFileType = sourcecode.c.h; path = LosHttpHelper.h; sourceTree = "<group>"; };
		1866672F1949C3B700A345F7 /* LosHttpHelper.m */ = {isa = PBXFileReference; fileEncoding = 4; lastKnownFileType = sourcecode.c.objc; path = LosHttpHelper.m; sourceTree = "<group>"; };
		186667311949C5E900A345F7 /* LosAppUrls.h */ = {isa = PBXFileReference; fileEncoding = 4; lastKnownFileType = sourcecode.c.h; path = LosAppUrls.h; sourceTree = "<group>"; };
		186667341949CB3F00A345F7 /* TimesHelper.h */ = {isa = PBXFileReference; fileEncoding = 4; lastKnownFileType = sourcecode.c.h; path = TimesHelper.h; sourceTree = "<group>"; };
		186667351949CB3F00A345F7 /* TimesHelper.m */ = {isa = PBXFileReference; fileEncoding = 4; lastKnownFileType = sourcecode.c.objc; path = TimesHelper.m; sourceTree = "<group>"; };
		1866673A1949F8F100A345F7 /* ReportEmployeeViewController.h */ = {isa = PBXFileReference; fileEncoding = 4; lastKnownFileType = sourcecode.c.h; path = ReportEmployeeViewController.h; sourceTree = "<group>"; };
		1866673B1949F8F100A345F7 /* ReportEmployeeViewController.m */ = {isa = PBXFileReference; fileEncoding = 4; lastKnownFileType = sourcecode.c.objc; path = ReportEmployeeViewController.m; sourceTree = "<group>"; };
		1866673D1949F98200A345F7 /* ContactViewController.h */ = {isa = PBXFileReference; fileEncoding = 4; lastKnownFileType = sourcecode.c.h; path = ContactViewController.h; sourceTree = "<group>"; };
		1866673E1949F98200A345F7 /* ContactViewController.m */ = {isa = PBXFileReference; fileEncoding = 4; lastKnownFileType = sourcecode.c.objc; path = ContactViewController.m; sourceTree = "<group>"; };
		186667401949FB6100A345F7 /* SettingViewController.h */ = {isa = PBXFileReference; fileEncoding = 4; lastKnownFileType = sourcecode.c.h; path = SettingViewController.h; sourceTree = "<group>"; };
		186667411949FB6100A345F7 /* SettingViewController.m */ = {isa = PBXFileReference; fileEncoding = 4; lastKnownFileType = sourcecode.c.objc; path = SettingViewController.m; sourceTree = "<group>"; };
		18666743194A9FC900A345F7 /* RegisterStep1ViewController.h */ = {isa = PBXFileReference; fileEncoding = 4; lastKnownFileType = sourcecode.c.h; path = RegisterStep1ViewController.h; sourceTree = "<group>"; };
		18666744194A9FC900A345F7 /* RegisterStep1ViewController.m */ = {isa = PBXFileReference; fileEncoding = 4; lastKnownFileType = sourcecode.c.objc; path = RegisterStep1ViewController.m; sourceTree = "<group>"; };
		18666746194A9FFF00A345F7 /* RegisterStep1View.h */ = {isa = PBXFileReference; fileEncoding = 4; lastKnownFileType = sourcecode.c.h; path = RegisterStep1View.h; sourceTree = "<group>"; };
		18666747194A9FFF00A345F7 /* RegisterStep1View.m */ = {isa = PBXFileReference; fileEncoding = 4; lastKnownFileType = sourcecode.c.objc; path = RegisterStep1View.m; sourceTree = "<group>"; };
		1866674B194AD1BA00A345F7 /* Reachability.h */ = {isa = PBXFileReference; fileEncoding = 4; lastKnownFileType = sourcecode.c.h; path = Reachability.h; sourceTree = "<group>"; };
		1866674C194AD1BA00A345F7 /* Reachability.m */ = {isa = PBXFileReference; fileEncoding = 4; lastKnownFileType = sourcecode.c.objc; path = Reachability.m; sourceTree = "<group>"; };
		18666752194AD52400A345F7 /* StringUtils.h */ = {isa = PBXFileReference; fileEncoding = 4; lastKnownFileType = sourcecode.c.h; path = StringUtils.h; sourceTree = "<group>"; };
		18666753194AD52400A345F7 /* StringUtils.m */ = {isa = PBXFileReference; fileEncoding = 4; lastKnownFileType = sourcecode.c.objc; path = StringUtils.m; sourceTree = "<group>"; };
		186C35C11975124800633AE4 /* LosBaseView.h */ = {isa = PBXFileReference; fileEncoding = 4; lastKnownFileType = sourcecode.c.h; path = LosBaseView.h; sourceTree = "<group>"; };
		186C35C21975124800633AE4 /* LosBaseView.m */ = {isa = PBXFileReference; fileEncoding = 4; lastKnownFileType = sourcecode.c.objc; path = LosBaseView.m; sourceTree = "<group>"; };
		186C35C4197535C400633AE4 /* LoginOrRegisterViewController.h */ = {isa = PBXFileReference; fileEncoding = 4; lastKnownFileType = sourcecode.c.h; path = LoginOrRegisterViewController.h; sourceTree = "<group>"; };
		186C35C5197535C400633AE4 /* LoginOrRegisterViewController.m */ = {isa = PBXFileReference; fileEncoding = 4; lastKnownFileType = sourcecode.c.objc; path = LoginOrRegisterViewController.m; sourceTree = "<group>"; };
		186C35C7197535F600633AE4 /* LoginOrRegisterView.h */ = {isa = PBXFileReference; fileEncoding = 4; lastKnownFileType = sourcecode.c.h; path = LoginOrRegisterView.h; sourceTree = "<group>"; };
		186C35C8197535F600633AE4 /* LoginOrRegisterView.m */ = {isa = PBXFileReference; fileEncoding = 4; lastKnownFileType = sourcecode.c.objc; path = LoginOrRegisterView.m; sourceTree = "<group>"; };
		186C35CA19753A5900633AE4 /* LosStyles.h */ = {isa = PBXFileReference; fileEncoding = 4; lastKnownFileType = sourcecode.c.h; path = LosStyles.h; sourceTree = "<group>"; };
		186C35CD19755ADA00633AE4 /* RegisterOrResetStep2View.h */ = {isa = PBXFileReference; fileEncoding = 4; lastKnownFileType = sourcecode.c.h; path = RegisterOrResetStep2View.h; sourceTree = "<group>"; };
		186C35CE19755ADA00633AE4 /* RegisterOrResetStep2View.m */ = {isa = PBXFileReference; fileEncoding = 4; lastKnownFileType = sourcecode.c.objc; path = RegisterOrResetStep2View.m; sourceTree = "<group>"; };
		186C35D019755B0F00633AE4 /* RegisterOrResetStep2ViewController.h */ = {isa = PBXFileReference; fileEncoding = 4; lastKnownFileType = sourcecode.c.h; path = RegisterOrResetStep2ViewController.h; sourceTree = "<group>"; };
		186C35D119755B0F00633AE4 /* RegisterOrResetStep2ViewController.m */ = {isa = PBXFileReference; fileEncoding = 4; lastKnownFileType = sourcecode.c.objc; path = RegisterOrResetStep2ViewController.m; sourceTree = "<group>"; };
		186C35D31976208600633AE4 /* ResetStep1ViewController.h */ = {isa = PBXFileReference; fileEncoding = 4; lastKnownFileType = sourcecode.c.h; path = ResetStep1ViewController.h; sourceTree = "<group>"; };
		186C35D41976208600633AE4 /* ResetStep1ViewController.m */ = {isa = PBXFileReference; fileEncoding = 4; lastKnownFileType = sourcecode.c.objc; path = ResetStep1ViewController.m; sourceTree = "<group>"; };
		186C35D6197621C900633AE4 /* ResetStep1View.h */ = {isa = PBXFileReference; fileEncoding = 4; lastKnownFileType = sourcecode.c.h; path = ResetStep1View.h; sourceTree = "<group>"; };
		186C35D7197621C900633AE4 /* ResetStep1View.m */ = {isa = PBXFileReference; fileEncoding = 4; lastKnownFileType = sourcecode.c.objc; path = ResetStep1View.m; sourceTree = "<group>"; };
		186C35D91976678F00633AE4 /* ContactDataSource.h */ = {isa = PBXFileReference; fileEncoding = 4; lastKnownFileType = sourcecode.c.h; path = ContactDataSource.h; sourceTree = "<group>"; };
		186C35DA1976678F00633AE4 /* ContactDataSource.m */ = {isa = PBXFileReference; fileEncoding = 4; lastKnownFileType = sourcecode.c.objc; path = ContactDataSource.m; sourceTree = "<group>"; };
		186C35DC1976746B00633AE4 /* ContactNeverLoadView.h */ = {isa = PBXFileReference; fileEncoding = 4; lastKnownFileType = sourcecode.c.h; path = ContactNeverLoadView.h; sourceTree = "<group>"; };
		186C35DD1976746B00633AE4 /* ContactNeverLoadView.m */ = {isa = PBXFileReference; fileEncoding = 4; lastKnownFileType = sourcecode.c.objc; path = ContactNeverLoadView.m; sourceTree = "<group>"; };
		186C35DF1977B72100633AE4 /* AppUpdateViewController.h */ = {isa = PBXFileReference; fileEncoding = 4; lastKnownFileType = sourcecode.c.h; path = AppUpdateViewController.h; sourceTree = "<group>"; };
		186C35E01977B72100633AE4 /* AppUpdateViewController.m */ = {isa = PBXFileReference; fileEncoding = 4; lastKnownFileType = sourcecode.c.objc; path = AppUpdateViewController.m; sourceTree = "<group>"; };
		186C35E21977B75500633AE4 /* AppUpdateView.h */ = {isa = PBXFileReference; fileEncoding = 4; lastKnownFileType = sourcecode.c.h; path = AppUpdateView.h; sourceTree = "<group>"; };
		186C35E31977B75500633AE4 /* AppUpdateView.m */ = {isa = PBXFileReference; fileEncoding = 4; lastKnownFileType = sourcecode.c.objc; path = AppUpdateView.m; sourceTree = "<group>"; };
		186C35E51978CF7700633AE4 /* ContactLoadingView.h */ = {isa = PBXFileReference; fileEncoding = 4; lastKnownFileType = sourcecode.c.h; path = ContactLoadingView.h; sourceTree = "<group>"; };
		186C35E61978CF7700633AE4 /* ContactLoadingView.m */ = {isa = PBXFileReference; fileEncoding = 4; lastKnownFileType = sourcecode.c.objc; path = ContactLoadingView.m; sourceTree = "<group>"; };
		186C35E81978FB2000633AE4 /* MemberTableViewCell.h */ = {isa = PBXFileReference; fileEncoding = 4; lastKnownFileType = sourcecode.c.h; path = MemberTableViewCell.h; sourceTree = "<group>"; };
		186C35E91978FB2000633AE4 /* MemberTableViewCell.m */ = {isa = PBXFileReference; fileEncoding = 4; lastKnownFileType = sourcecode.c.objc; path = MemberTableViewCell.m; sourceTree = "<group>"; };
		18AFE5F3195178210083C972 /* UITableViewCell+ReuseIdentifier.h */ = {isa = PBXFileReference; fileEncoding = 4; lastKnownFileType = sourcecode.c.h; path = "UITableViewCell+ReuseIdentifier.h"; sourceTree = "<group>"; };
		18AFE5F4195178210083C972 /* UITableViewCell+ReuseIdentifier.m */ = {isa = PBXFileReference; fileEncoding = 4; lastKnownFileType = sourcecode.c.objc; path = "UITableViewCell+ReuseIdentifier.m"; sourceTree = "<group>"; };
		18AFE5FA1951986F0083C972 /* ContactView.h */ = {isa = PBXFileReference; fileEncoding = 4; lastKnownFileType = sourcecode.c.h; path = ContactView.h; sourceTree = "<group>"; };
		18AFE5FB1951986F0083C972 /* ContactView.m */ = {isa = PBXFileReference; fileEncoding = 4; lastKnownFileType = sourcecode.c.objc; path = ContactView.m; sourceTree = "<group>"; };
		18AFE5FE195296D70083C972 /* Member.h */ = {isa = PBXFileReference; fileEncoding = 4; lastKnownFileType = sourcecode.c.h; path = Member.h; sourceTree = "<group>"; };
		18AFE5FF195296D70083C972 /* Member.m */ = {isa = PBXFileReference; fileEncoding = 4; lastKnownFileType = sourcecode.c.objc; path = Member.m; sourceTree = "<group>"; };
		18AFE6011952D1A10083C972 /* AddShopViewController.h */ = {isa = PBXFileReference; fileEncoding = 4; lastKnownFileType = sourcecode.c.h; path = AddShopViewController.h; sourceTree = "<group>"; };
		18AFE6021952D1A10083C972 /* AddShopViewController.m */ = {isa = PBXFileReference; fileEncoding = 4; lastKnownFileType = sourcecode.c.objc; path = AddShopViewController.m; sourceTree = "<group>"; };
		18AFE6041952E2F70083C972 /* AddShopView.h */ = {isa = PBXFileReference; fileEncoding = 4; lastKnownFileType = sourcecode.c.h; path = AddShopView.h; sourceTree = "<group>"; };
		18AFE6051952E2F70083C972 /* AddShopView.m */ = {isa = PBXFileReference; fileEncoding = 4; lastKnownFileType = sourcecode.c.objc; path = AddShopView.m; sourceTree = "<group>"; };
		18AFE61D1953F6450083C972 /* en */ = {isa = PBXFileReference; lastKnownFileType = text.plist.strings; name = en; path = en.lproj/Localizable.strings; sourceTree = "<group>"; };
		18AFE61F1953F6520083C972 /* zh-Hans */ = {isa = PBXFileReference; lastKnownFileType = text.plist.strings; name = "zh-Hans"; path = "zh-Hans.lproj/Localizable.strings"; sourceTree = "<group>"; };
		18AFE621195434B20083C972 /* SyncService.h */ = {isa = PBXFileReference; fileEncoding = 4; lastKnownFileType = sourcecode.c.h; path = SyncService.h; sourceTree = "<group>"; };
		18AFE622195434B20083C972 /* SyncService.m */ = {isa = PBXFileReference; fileEncoding = 4; lastKnownFileType = sourcecode.c.objc; path = SyncService.m; sourceTree = "<group>"; };
		18AFE625195527290083C972 /* LosDropDown.h */ = {isa = PBXFileReference; fileEncoding = 4; lastKnownFileType = sourcecode.c.h; path = LosDropDown.h; sourceTree = "<group>"; };
		18AFE626195527290083C972 /* LosDropDown.m */ = {isa = PBXFileReference; fileEncoding = 4; lastKnownFileType = sourcecode.c.objc; path = LosDropDown.m; sourceTree = "<group>"; };
		18B2EE0E1946E0EF00264B74 /* LosApp.app */ = {isa = PBXFileReference; explicitFileType = wrapper.application; includeInIndex = 0; path = LosApp.app; sourceTree = BUILT_PRODUCTS_DIR; };
		18B2EE111946E0EF00264B74 /* Foundation.framework */ = {isa = PBXFileReference; lastKnownFileType = wrapper.framework; name = Foundation.framework; path = System/Library/Frameworks/Foundation.framework; sourceTree = SDKROOT; };
		18B2EE131946E0EF00264B74 /* CoreGraphics.framework */ = {isa = PBXFileReference; lastKnownFileType = wrapper.framework; name = CoreGraphics.framework; path = System/Library/Frameworks/CoreGraphics.framework; sourceTree = SDKROOT; };
		18B2EE151946E0EF00264B74 /* UIKit.framework */ = {isa = PBXFileReference; lastKnownFileType = wrapper.framework; name = UIKit.framework; path = System/Library/Frameworks/UIKit.framework; sourceTree = SDKROOT; };
		18B2EE191946E0EF00264B74 /* LosApp-Info.plist */ = {isa = PBXFileReference; lastKnownFileType = text.plist.xml; path = "LosApp-Info.plist"; sourceTree = "<group>"; };
		18B2EE1D1946E0EF00264B74 /* main.m */ = {isa = PBXFileReference; lastKnownFileType = sourcecode.c.objc; path = main.m; sourceTree = "<group>"; };
		18B2EE1F1946E0EF00264B74 /* LosApp-Prefix.pch */ = {isa = PBXFileReference; lastKnownFileType = sourcecode.c.h; path = "LosApp-Prefix.pch"; sourceTree = "<group>"; };
		18B2EE201946E0EF00264B74 /* LosAppDelegate.h */ = {isa = PBXFileReference; lastKnownFileType = sourcecode.c.h; name = LosAppDelegate.h; path = LosApp/LosAppDelegate.h; sourceTree = "<group>"; };
		18B2EE211946E0EF00264B74 /* LosAppDelegate.m */ = {isa = PBXFileReference; lastKnownFileType = sourcecode.c.objc; name = LosAppDelegate.m; path = LosApp/LosAppDelegate.m; sourceTree = "<group>"; };
		18B2EE231946E0EF00264B74 /* Images.xcassets */ = {isa = PBXFileReference; lastKnownFileType = folder.assetcatalog; name = Images.xcassets; path = LosApp/Images.xcassets; sourceTree = "<group>"; };
		18B2EE2A1946E0EF00264B74 /* XCTest.framework */ = {isa = PBXFileReference; lastKnownFileType = wrapper.framework; name = XCTest.framework; path = Library/Frameworks/XCTest.framework; sourceTree = DEVELOPER_DIR; };
		7512DE471E6843E8AFA2C007 /* libPods.a */ = {isa = PBXFileReference; explicitFileType = archive.ar; includeInIndex = 0; path = libPods.a; sourceTree = BUILT_PRODUCTS_DIR; };
		F77DB5366FE14651B4C079AC /* Pods.xcconfig */ = {isa = PBXFileReference; includeInIndex = 1; lastKnownFileType = text.xcconfig; name = Pods.xcconfig; path = Pods/Pods.xcconfig; sourceTree = "<group>"; };
/* End PBXFileReference section */

/* Begin PBXFrameworksBuildPhase section */
		18B2EE0B1946E0EF00264B74 /* Frameworks */ = {
			isa = PBXFrameworksBuildPhase;
			buildActionMask = 2147483647;
			files = (
				18B2EE141946E0EF00264B74 /* CoreGraphics.framework in Frameworks */,
				18B2EE161946E0EF00264B74 /* UIKit.framework in Frameworks */,
				18B2EE121946E0EF00264B74 /* Foundation.framework in Frameworks */,
				04CFBFE75F2E4F9CA79F1910 /* libPods.a in Frameworks */,
			);
			runOnlyForDeploymentPostprocessing = 0;
		};
/* End PBXFrameworksBuildPhase section */

/* Begin PBXGroup section */
		1844725B195C0B9300B4A543 /* dao */ = {
			isa = PBXGroup;
			children = (
				184472A6196A529800B4A543 /* LosDao.h */,
				1844729D196A50F400B4A543 /* EnterpriseDao.h */,
				1844729E196A50F400B4A543 /* EnterpriseDao.m */,
				184472A0196A515A00B4A543 /* MemberDao.h */,
				184472A1196A515A00B4A543 /* MemberDao.m */,
				184472A3196A51AC00B4A543 /* ReportDao.h */,
				184472A4196A51AC00B4A543 /* ReportDao.m */,
			);
			name = dao;
			sourceTree = "<group>";
		};
		1844727D1962AAB200B4A543 /* controller.base */ = {
			isa = PBXGroup;
			children = (
				184472741962563700B4A543 /* ReportViewControllerBase.h */,
				184472751962563700B4A543 /* ReportViewControllerBase.m */,
			);
			name = controller.base;
			sourceTree = "<group>";
		};
		184472801963E11200B4A543 /* widget.common */ = {
			isa = PBXGroup;
			children = (
				18AFE625195527290083C972 /* LosDropDown.h */,
				18AFE626195527290083C972 /* LosDropDown.m */,
				184472551959545B00B4A543 /* LosTextField.h */,
				184472561959545B00B4A543 /* LosTextField.m */,
				1844725F195D532600B4A543 /* LosTimePicker.h */,
				18447260195D532600B4A543 /* LosTimePicker.m */,
				184472811963F18B00B4A543 /* LosBarChart.h */,
				184472821963F18B00B4A543 /* LosBarChart.m */,
				1844728D1967E97300B4A543 /* LosPieChart.h */,
				1844728E1967E97300B4A543 /* LosPieChart.m */,
				184472B2196D279A00B4A543 /* HorizontalLine.h */,
				184472B3196D279A00B4A543 /* HorizontalLine.m */,
				184472BB196E856D00B4A543 /* LosLineChart.h */,
				184472BC196E856D00B4A543 /* LosLineChart.m */,
			);
			name = widget.common;
			sourceTree = "<group>";
		};
		1866670219498ACF00A345F7 /* environment */ = {
			isa = PBXGroup;
			children = (
				1866670319498B5600A345F7 /* UserData.h */,
				1866670419498B5600A345F7 /* UserData.m */,
				186667131949ACD600A345F7 /* VersionInfo.h */,
				186667141949ACD600A345F7 /* VersionInfo.m */,
				186667161949AD4900A345F7 /* PathResolver.h */,
				186667171949AD4900A345F7 /* PathResolver.m */,
				186667311949C5E900A345F7 /* LosAppUrls.h */,
				186C35CA19753A5900633AE4 /* LosStyles.h */,
				184472771962749D00B4A543 /* ReportDateStatus.h */,
				184472781962749D00B4A543 /* ReportDateStatus.m */,
			);
			name = environment;
			sourceTree = "<group>";
		};
		1866670C194992F500A345F7 /* views */ = {
			isa = PBXGroup;
			children = (
				186C35C7197535F600633AE4 /* LoginOrRegisterView.h */,
				186C35C8197535F600633AE4 /* LoginOrRegisterView.m */,
				1866670D1949931800A345F7 /* LoginView.h */,
				1866670E1949931800A345F7 /* LoginView.m */,
				18666746194A9FFF00A345F7 /* RegisterStep1View.h */,
				18666747194A9FFF00A345F7 /* RegisterStep1View.m */,
				186C35D6197621C900633AE4 /* ResetStep1View.h */,
				186C35D7197621C900633AE4 /* ResetStep1View.m */,
				186C35CD19755ADA00633AE4 /* RegisterOrResetStep2View.h */,
				186C35CE19755ADA00633AE4 /* RegisterOrResetStep2View.m */,
				186667101949A9D000A345F7 /* BootstrapView.h */,
				186667111949A9D000A345F7 /* BootstrapView.m */,
				1844726B1961652F00B4A543 /* ReportViewBase.h */,
				1844726C1961652F00B4A543 /* ReportViewBase.m */,
				18447262195D562B00B4A543 /* ReportEmployeeView.h */,
				18447263195D562B00B4A543 /* ReportEmployeeView.m */,
				184472871967A5D200B4A543 /* ReportShopView.h */,
				184472881967A5D200B4A543 /* ReportShopView.m */,
				184472AC196CF11000B4A543 /* ReportServiceView.h */,
				184472AD196CF11000B4A543 /* ReportServiceView.m */,
				1844726E1962509B00B4A543 /* ReportCustomView.h */,
				1844726F1962509B00B4A543 /* ReportCustomView.m */,
				186C35DC1976746B00633AE4 /* ContactNeverLoadView.h */,
				186C35DD1976746B00633AE4 /* ContactNeverLoadView.m */,
				186C35E51978CF7700633AE4 /* ContactLoadingView.h */,
				186C35E61978CF7700633AE4 /* ContactLoadingView.m */,
				18AFE5FA1951986F0083C972 /* ContactView.h */,
				18AFE5FB1951986F0083C972 /* ContactView.m */,
				183F214D1957CC61009D54E8 /* MemberDetailView.h */,
				183F214E1957CC61009D54E8 /* MemberDetailView.m */,
				183F215319583392009D54E8 /* SettingView.h */,
				183F215419583392009D54E8 /* SettingView.m */,
				18AFE6041952E2F70083C972 /* AddShopView.h */,
				18AFE6051952E2F70083C972 /* AddShopView.m */,
				184473021974D90600B4A543 /* EnterpriseListView.h */,
				184473031974D90600B4A543 /* EnterpriseListView.m */,
				1844724C1958429000B4A543 /* PasswordView.h */,
				1844724D1958429000B4A543 /* PasswordView.m */,
				1844725219591EEA00B4A543 /* AboutUsView.h */,
				1844725319591EEA00B4A543 /* AboutUsView.m */,
				186C35E21977B75500633AE4 /* AppUpdateView.h */,
				186C35E31977B75500633AE4 /* AppUpdateView.m */,
			);
			name = views;
			sourceTree = "<group>";
		};
		186667191949B2D700A345F7 /* update */ = {
			isa = PBXGroup;
			children = (
				1866671A1949B2E900A345F7 /* UpdateHelper.h */,
				1866671B1949B2E900A345F7 /* UpdateHelper.m */,
			);
			name = update;
			sourceTree = "<group>";
		};
		1866671D1949C2B200A345F7 /* utils */ = {
			isa = PBXGroup;
			children = (
				1866671E1949C2D400A345F7 /* LosHttpsBase.h */,
				1866671F1949C2D400A345F7 /* LosHttpsBase.m */,
				1866672E1949C3B700A345F7 /* LosHttpHelper.h */,
				1866672F1949C3B700A345F7 /* LosHttpHelper.m */,
				186667341949CB3F00A345F7 /* TimesHelper.h */,
				186667351949CB3F00A345F7 /* TimesHelper.m */,
				18666752194AD52400A345F7 /* StringUtils.h */,
				18666753194AD52400A345F7 /* StringUtils.m */,
			);
			name = utils;
			sourceTree = "<group>";
		};
		18666749194AD19600A345F7 /* 3rd-lib */ = {
			isa = PBXGroup;
			children = (
				18AFE5F2195177FB0083C972 /* ReuseableTableCell */,
				1866674A194AD1BA00A345F7 /* Reachability */,
			);
			name = "3rd-lib";
			sourceTree = "<group>";
		};
		1866674A194AD1BA00A345F7 /* Reachability */ = {
			isa = PBXGroup;
			children = (
				1866674B194AD1BA00A345F7 /* Reachability.h */,
				1866674C194AD1BA00A345F7 /* Reachability.m */,
			);
			path = Reachability;
			sourceTree = "<group>";
		};
		186C35C01975121E00633AE4 /* views.base */ = {
			isa = PBXGroup;
			children = (
				186C35C11975124800633AE4 /* LosBaseView.h */,
				186C35C21975124800633AE4 /* LosBaseView.m */,
			);
			name = views.base;
			sourceTree = "<group>";
		};
		18AFE5F2195177FB0083C972 /* ReuseableTableCell */ = {
			isa = PBXGroup;
			children = (
				18AFE5F3195178210083C972 /* UITableViewCell+ReuseIdentifier.h */,
				18AFE5F4195178210083C972 /* UITableViewCell+ReuseIdentifier.m */,
			);
			name = ReuseableTableCell;
			sourceTree = "<group>";
		};
		18AFE5FD195296BD0083C972 /* domain */ = {
			isa = PBXGroup;
			children = (
				18447268196151E400B4A543 /* Enterprise.h */,
				18447269196151E400B4A543 /* Enterprise.m */,
				18AFE5FE195296D70083C972 /* Member.h */,
				18AFE5FF195296D70083C972 /* Member.m */,
				18447258195C060400B4A543 /* EmployeePerformance.h */,
				18447259195C060400B4A543 /* EmployeePerformance.m */,
				184472A9196ABFBA00B4A543 /* BusinessPerformance.h */,
				184472AA196ABFBA00B4A543 /* BusinessPerformance.m */,
				184472B5196D299600B4A543 /* ServicePerformance.h */,
				184472B6196D299600B4A543 /* ServicePerformance.m */,
				184472BE196F8DC200B4A543 /* CustomerCount.h */,
				184472BF196F8DC200B4A543 /* CustomerCount.m */,
			);
			name = domain;
			sourceTree = "<group>";
		};
		18AFE620195434500083C972 /* service */ = {
			isa = PBXGroup;
			children = (
				18AFE621195434B20083C972 /* SyncService.h */,
				18AFE622195434B20083C972 /* SyncService.m */,
				186C35D91976678F00633AE4 /* ContactDataSource.h */,
				186C35DA1976678F00633AE4 /* ContactDataSource.m */,
			);
			name = service;
			sourceTree = "<group>";
		};
		18AFE624195525400083C972 /* widget */ = {
			isa = PBXGroup;
			children = (
				1844726519614A4300B4A543 /* SwitchShopButton.h */,
				1844726619614A4300B4A543 /* SwitchShopButton.m */,
				1844729A196820D100B4A543 /* PerformanceCompareView.h */,
				1844729B196820D100B4A543 /* PerformanceCompareView.m */,
				184472B8196D2DB300B4A543 /* ServicePerformanceView.h */,
				184472B9196D2DB300B4A543 /* ServicePerformanceView.m */,
				186C35E81978FB2000633AE4 /* MemberTableViewCell.h */,
				186C35E91978FB2000633AE4 /* MemberTableViewCell.m */,
			);
			name = widget;
			sourceTree = "<group>";
		};
		18B2EE051946E0EF00264B74 = {
			isa = PBXGroup;
			children = (
				18666749194AD19600A345F7 /* 3rd-lib */,
				18B2EE401946E16C00264B74 /* src */,
				18B2EE411946E17000264B74 /* resources */,
				18B2EE181946E0EF00264B74 /* Supporting Files */,
				18B2EE101946E0EF00264B74 /* Frameworks */,
				18B2EE0F1946E0EF00264B74 /* Products */,
				F77DB5366FE14651B4C079AC /* Pods.xcconfig */,
			);
			sourceTree = "<group>";
		};
		18B2EE0F1946E0EF00264B74 /* Products */ = {
			isa = PBXGroup;
			children = (
				18B2EE0E1946E0EF00264B74 /* LosApp.app */,
			);
			name = Products;
			sourceTree = "<group>";
		};
		18B2EE101946E0EF00264B74 /* Frameworks */ = {
			isa = PBXGroup;
			children = (
				18B2EE111946E0EF00264B74 /* Foundation.framework */,
				18B2EE131946E0EF00264B74 /* CoreGraphics.framework */,
				18B2EE151946E0EF00264B74 /* UIKit.framework */,
				18B2EE2A1946E0EF00264B74 /* XCTest.framework */,
				7512DE471E6843E8AFA2C007 /* libPods.a */,
			);
			name = Frameworks;
			sourceTree = "<group>";
		};
		18B2EE181946E0EF00264B74 /* Supporting Files */ = {
			isa = PBXGroup;
			children = (
				1866672C1949C37E00A345F7 /* client.p12 */,
				18B2EE191946E0EF00264B74 /* LosApp-Info.plist */,
				18B2EE1D1946E0EF00264B74 /* main.m */,
				18B2EE1F1946E0EF00264B74 /* LosApp-Prefix.pch */,
			);
			name = "Supporting Files";
			path = LosApp;
			sourceTree = "<group>";
		};
		18B2EE401946E16C00264B74 /* src */ = {
			isa = PBXGroup;
			children = (
				184472801963E11200B4A543 /* widget.common */,
				18AFE624195525400083C972 /* widget */,
				18AFE5FD195296BD0083C972 /* domain */,
				1844725B195C0B9300B4A543 /* dao */,
				18AFE620195434500083C972 /* service */,
				1866671D1949C2B200A345F7 /* utils */,
				186667191949B2D700A345F7 /* update */,
				186C35C01975121E00633AE4 /* views.base */,
				1866670C194992F500A345F7 /* views */,
				1866670219498ACF00A345F7 /* environment */,
				1844727D1962AAB200B4A543 /* controller.base */,
				18B2EE421946E8E100264B74 /* controllers */,
				18B2EE201946E0EF00264B74 /* LosAppDelegate.h */,
				18B2EE211946E0EF00264B74 /* LosAppDelegate.m */,
			);
			name = src;
			sourceTree = "<group>";
		};
		18B2EE411946E17000264B74 /* resources */ = {
			isa = PBXGroup;
			children = (
				18B2EE231946E0EF00264B74 /* Images.xcassets */,
				18AFE61E1953F6450083C972 /* Localizable.strings */,
			);
			name = resources;
			sourceTree = "<group>";
		};
		18B2EE421946E8E100264B74 /* controllers */ = {
			isa = PBXGroup;
			children = (
				186666FF1949864100A345F7 /* WelcomeViewController.h */,
				186667001949864100A345F7 /* WelcomeViewController.m */,
				186C35C4197535C400633AE4 /* LoginOrRegisterViewController.h */,
				186C35C5197535C400633AE4 /* LoginOrRegisterViewController.m */,
				1866670619498D1C00A345F7 /* LoginViewController.h */,
				1866670719498D1C00A345F7 /* LoginViewController.m */,
				18666743194A9FC900A345F7 /* RegisterStep1ViewController.h */,
				18666744194A9FC900A345F7 /* RegisterStep1ViewController.m */,
				186C35D31976208600633AE4 /* ResetStep1ViewController.h */,
				186C35D41976208600633AE4 /* ResetStep1ViewController.m */,
				186C35D019755B0F00633AE4 /* RegisterOrResetStep2ViewController.h */,
				186C35D119755B0F00633AE4 /* RegisterOrResetStep2ViewController.m */,
				1866670919498F1D00A345F7 /* BootstrapViewController.h */,
				1866670A19498F1D00A345F7 /* BootstrapViewController.m */,
				1866673A1949F8F100A345F7 /* ReportEmployeeViewController.h */,
				1866673B1949F8F100A345F7 /* ReportEmployeeViewController.m */,
				184472841967A57800B4A543 /* ReportShopViewController.h */,
				184472851967A57800B4A543 /* ReportShopViewController.m */,
				184472AF196CF19300B4A543 /* ReportServiceViewController.h */,
				184472B0196CF19300B4A543 /* ReportServiceViewController.m */,
				18447271196250CE00B4A543 /* ReportCustomViewController.h */,
				18447272196250CE00B4A543 /* ReportCustomViewController.m */,
				1866673D1949F98200A345F7 /* ContactViewController.h */,
				1866673E1949F98200A345F7 /* ContactViewController.m */,
				183F214A1957C860009D54E8 /* MemberDetailViewController.h */,
				183F214B1957C860009D54E8 /* MemberDetailViewController.m */,
				186667401949FB6100A345F7 /* SettingViewController.h */,
				186667411949FB6100A345F7 /* SettingViewController.m */,
				18AFE6011952D1A10083C972 /* AddShopViewController.h */,
				18AFE6021952D1A10083C972 /* AddShopViewController.m */,
				18447249195840C200B4A543 /* PasswordViewController.h */,
				1844724A195840C200B4A543 /* PasswordViewController.m */,
				1844724F1959171E00B4A543 /* AboutUsViewController.h */,
				184472501959171E00B4A543 /* AboutUsViewController.m */,
				186C35DF1977B72100633AE4 /* AppUpdateViewController.h */,
				186C35E01977B72100633AE4 /* AppUpdateViewController.m */,
			);
			name = controllers;
			sourceTree = "<group>";
		};
/* End PBXGroup section */

/* Begin PBXNativeTarget section */
		18B2EE0D1946E0EF00264B74 /* LosApp */ = {
			isa = PBXNativeTarget;
			buildConfigurationList = 18B2EE3A1946E0EF00264B74 /* Build configuration list for PBXNativeTarget "LosApp" */;
			buildPhases = (
				2F977876859A4B40B306FC14 /* Check Pods Manifest.lock */,
				18B2EE0A1946E0EF00264B74 /* Sources */,
				18B2EE0B1946E0EF00264B74 /* Frameworks */,
				18B2EE0C1946E0EF00264B74 /* Resources */,
				60171CD0B37B444FA782B6C1 /* Copy Pods Resources */,
			);
			buildRules = (
			);
			dependencies = (
			);
			name = LosApp;
			productName = LosApp;
			productReference = 18B2EE0E1946E0EF00264B74 /* LosApp.app */;
			productType = "com.apple.product-type.application";
		};
/* End PBXNativeTarget section */

/* Begin PBXProject section */
		18B2EE061946E0EF00264B74 /* Project object */ = {
			isa = PBXProject;
			attributes = {
				CLASSPREFIX = Los;
				LastUpgradeCheck = 0510;
				ORGANIZATIONNAME = yilos;
				TargetAttributes = {
					18B2EE0D1946E0EF00264B74 = {
						DevelopmentTeam = 7YV2K8VB6X;
					};
				};
			};
			buildConfigurationList = 18B2EE091946E0EF00264B74 /* Build configuration list for PBXProject "LosApp" */;
			compatibilityVersion = "Xcode 3.2";
			developmentRegion = English;
			hasScannedForEncodings = 0;
			knownRegions = (
				en,
				"zh-Hans",
			);
			mainGroup = 18B2EE051946E0EF00264B74;
			productRefGroup = 18B2EE0F1946E0EF00264B74 /* Products */;
			projectDirPath = "";
			projectRoot = "";
			targets = (
				18B2EE0D1946E0EF00264B74 /* LosApp */,
			);
		};
/* End PBXProject section */

/* Begin PBXResourcesBuildPhase section */
		18B2EE0C1946E0EF00264B74 /* Resources */ = {
			isa = PBXResourcesBuildPhase;
			buildActionMask = 2147483647;
			files = (
				1866672D1949C37E00A345F7 /* client.p12 in Resources */,
				18AFE61C1953F6450083C972 /* Localizable.strings in Resources */,
				18B2EE241946E0EF00264B74 /* Images.xcassets in Resources */,
			);
			runOnlyForDeploymentPostprocessing = 0;
		};
/* End PBXResourcesBuildPhase section */

/* Begin PBXShellScriptBuildPhase section */
		2F977876859A4B40B306FC14 /* Check Pods Manifest.lock */ = {
			isa = PBXShellScriptBuildPhase;
			buildActionMask = 2147483647;
			files = (
			);
			inputPaths = (
			);
			name = "Check Pods Manifest.lock";
			outputPaths = (
			);
			runOnlyForDeploymentPostprocessing = 0;
			shellPath = /bin/sh;
			shellScript = "diff \"${PODS_ROOT}/../Podfile.lock\" \"${PODS_ROOT}/Manifest.lock\" > /dev/null\nif [[ $? != 0 ]] ; then\n    cat << EOM\nerror: The sandbox is not in sync with the Podfile.lock. Run 'pod install' or update your CocoaPods installation.\nEOM\n    exit 1\nfi\n";
			showEnvVarsInLog = 0;
		};
		60171CD0B37B444FA782B6C1 /* Copy Pods Resources */ = {
			isa = PBXShellScriptBuildPhase;
			buildActionMask = 2147483647;
			files = (
			);
			inputPaths = (
			);
			name = "Copy Pods Resources";
			outputPaths = (
			);
			runOnlyForDeploymentPostprocessing = 0;
			shellPath = /bin/sh;
			shellScript = "\"${SRCROOT}/Pods/Pods-resources.sh\"\n";
			showEnvVarsInLog = 0;
		};
/* End PBXShellScriptBuildPhase section */

/* Begin PBXSourcesBuildPhase section */
		18B2EE0A1946E0EF00264B74 /* Sources */ = {
			isa = PBXSourcesBuildPhase;
			buildActionMask = 2147483647;
			files = (
				1844725419591EEA00B4A543 /* AboutUsView.m in Sources */,
				184472B7196D299600B4A543 /* ServicePerformance.m in Sources */,
				1866671C1949B2E900A345F7 /* UpdateHelper.m in Sources */,
				18B2EE1E1946E0EF00264B74 /* main.m in Sources */,
				186667421949FB6100A345F7 /* SettingViewController.m in Sources */,
				1866670819498D1C00A345F7 /* LoginViewController.m in Sources */,
				186C35E11977B72100633AE4 /* AppUpdateViewController.m in Sources */,
				186667181949AD4900A345F7 /* PathResolver.m in Sources */,
				186C35E71978CF7700633AE4 /* ContactLoadingView.m in Sources */,
				184472A5196A51AC00B4A543 /* ReportDao.m in Sources */,
				1844726A196151E400B4A543 /* Enterprise.m in Sources */,
				1844724B195840C200B4A543 /* PasswordViewController.m in Sources */,
				1866670B19498F1D00A345F7 /* BootstrapViewController.m in Sources */,
				1866673C1949F8F100A345F7 /* ReportEmployeeViewController.m in Sources */,
				184472511959171E00B4A543 /* AboutUsViewController.m in Sources */,
				184472BA196D2DB300B4A543 /* ServicePerformanceView.m in Sources */,
				186C35D219755B0F00633AE4 /* RegisterOrResetStep2ViewController.m in Sources */,
				186667121949A9D000A345F7 /* BootstrapView.m in Sources */,
				184472831963F18B00B4A543 /* LosBarChart.m in Sources */,
				184472B1196CF19300B4A543 /* ReportServiceViewController.m in Sources */,
				1844729C196820D100B4A543 /* PerformanceCompareView.m in Sources */,
				186667151949ACD600A345F7 /* VersionInfo.m in Sources */,
				184473041974D90600B4A543 /* EnterpriseListView.m in Sources */,
				184472C0196F8DC200B4A543 /* CustomerCount.m in Sources */,
				186C35C6197535C400633AE4 /* LoginOrRegisterViewController.m in Sources */,
				1844726D1961652F00B4A543 /* ReportViewBase.m in Sources */,
				183F214C1957C860009D54E8 /* MemberDetailViewController.m in Sources */,
				18AFE623195434B20083C972 /* SyncService.m in Sources */,
				1866670F1949931800A345F7 /* LoginView.m in Sources */,
				186667361949CB3F00A345F7 /* TimesHelper.m in Sources */,
				18AFE627195527290083C972 /* LosDropDown.m in Sources */,
				186C35C9197535F600633AE4 /* LoginOrRegisterView.m in Sources */,
				18AFE6061952E2F70083C972 /* AddShopView.m in Sources */,
				1866670519498B5600A345F7 /* UserData.m in Sources */,
				184472BD196E856D00B4A543 /* LosLineChart.m in Sources */,
				184472701962509B00B4A543 /* ReportCustomView.m in Sources */,
				186C35CF19755ADA00633AE4 /* RegisterOrResetStep2View.m in Sources */,
				184472861967A57800B4A543 /* ReportShopViewController.m in Sources */,
				18666754194AD52400A345F7 /* StringUtils.m in Sources */,
				186667201949C2D400A345F7 /* LosHttpsBase.m in Sources */,
				186C35E41977B75500633AE4 /* AppUpdateView.m in Sources */,
				183F214F1957CC61009D54E8 /* MemberDetailView.m in Sources */,
				183F215519583392009D54E8 /* SettingView.m in Sources */,
				184472791962749D00B4A543 /* ReportDateStatus.m in Sources */,
				184472A2196A515A00B4A543 /* MemberDao.m in Sources */,
				18447264195D562B00B4A543 /* ReportEmployeeView.m in Sources */,
				18AFE600195296D70083C972 /* Member.m in Sources */,
				186667301949C3B700A345F7 /* LosHttpHelper.m in Sources */,
				18AFE5FC1951986F0083C972 /* ContactView.m in Sources */,
				1866674D194AD1BA00A345F7 /* Reachability.m in Sources */,
				18666745194A9FC900A345F7 /* RegisterStep1ViewController.m in Sources */,
				186C35C31975124800633AE4 /* LosBaseView.m in Sources */,
				184472AE196CF11000B4A543 /* ReportServiceView.m in Sources */,
				18447261195D532600B4A543 /* LosTimePicker.m in Sources */,
				18AFE5F5195178210083C972 /* UITableViewCell+ReuseIdentifier.m in Sources */,
				186C35D8197621C900633AE4 /* ResetStep1View.m in Sources */,
				184472761962563700B4A543 /* ReportViewControllerBase.m in Sources */,
				18447273196250CE00B4A543 /* ReportCustomViewController.m in Sources */,
				184472AB196ABFBA00B4A543 /* BusinessPerformance.m in Sources */,
				1844726719614A4300B4A543 /* SwitchShopButton.m in Sources */,
				1866673F1949F98200A345F7 /* ContactViewController.m in Sources */,
				18AFE6031952D1A10083C972 /* AddShopViewController.m in Sources */,
				1844729F196A50F400B4A543 /* EnterpriseDao.m in Sources */,
				184472B4196D279A00B4A543 /* HorizontalLine.m in Sources */,
				1844725A195C060400B4A543 /* EmployeePerformance.m in Sources */,
				18666748194A9FFF00A345F7 /* RegisterStep1View.m in Sources */,
				186C35DB1976678F00633AE4 /* ContactDataSource.m in Sources */,
				186C35DE1976746B00633AE4 /* ContactNeverLoadView.m in Sources */,
				1844728F1967E97300B4A543 /* LosPieChart.m in Sources */,
				184472571959545B00B4A543 /* LosTextField.m in Sources */,
				186667011949864100A345F7 /* WelcomeViewController.m in Sources */,
				186C35EA1978FB2000633AE4 /* MemberTableViewCell.m in Sources */,
				184472891967A5D200B4A543 /* ReportShopView.m in Sources */,
				1844724E1958429000B4A543 /* PasswordView.m in Sources */,
				18B2EE221946E0EF00264B74 /* LosAppDelegate.m in Sources */,
				186C35D51976208600633AE4 /* ResetStep1ViewController.m in Sources */,
			);
			runOnlyForDeploymentPostprocessing = 0;
		};
/* End PBXSourcesBuildPhase section */

/* Begin PBXVariantGroup section */
		18AFE61E1953F6450083C972 /* Localizable.strings */ = {
			isa = PBXVariantGroup;
			children = (
				18AFE61D1953F6450083C972 /* en */,
				18AFE61F1953F6520083C972 /* zh-Hans */,
			);
			name = Localizable.strings;
			sourceTree = "<group>";
		};
/* End PBXVariantGroup section */

/* Begin XCBuildConfiguration section */
		18B2EE381946E0EF00264B74 /* Debug */ = {
			isa = XCBuildConfiguration;
			buildSettings = {
				ALWAYS_SEARCH_USER_PATHS = NO;
				CLANG_CXX_LANGUAGE_STANDARD = "gnu++0x";
				CLANG_CXX_LIBRARY = "libc++";
				CLANG_ENABLE_MODULES = YES;
				CLANG_ENABLE_OBJC_ARC = YES;
				CLANG_WARN_BOOL_CONVERSION = YES;
				CLANG_WARN_CONSTANT_CONVERSION = YES;
				CLANG_WARN_DIRECT_OBJC_ISA_USAGE = YES_ERROR;
				CLANG_WARN_EMPTY_BODY = YES;
				CLANG_WARN_ENUM_CONVERSION = YES;
				CLANG_WARN_INT_CONVERSION = YES;
				CLANG_WARN_OBJC_ROOT_CLASS = YES_ERROR;
				CLANG_WARN__DUPLICATE_METHOD_MATCH = YES;
				"CODE_SIGN_IDENTITY[sdk=iphoneos*]" = "iPhone Developer";
				COPY_PHASE_STRIP = NO;
				GCC_C_LANGUAGE_STANDARD = gnu99;
				GCC_DYNAMIC_NO_PIC = NO;
				GCC_OPTIMIZATION_LEVEL = 0;
				GCC_PREPROCESSOR_DEFINITIONS = (
					"DEBUG=1",
					"$(inherited)",
				);
				GCC_SYMBOLS_PRIVATE_EXTERN = NO;
				GCC_WARN_64_TO_32_BIT_CONVERSION = YES;
				GCC_WARN_ABOUT_RETURN_TYPE = YES_ERROR;
				GCC_WARN_UNDECLARED_SELECTOR = YES;
				GCC_WARN_UNINITIALIZED_AUTOS = YES_AGGRESSIVE;
				GCC_WARN_UNUSED_FUNCTION = YES;
				GCC_WARN_UNUSED_VARIABLE = YES;
				IPHONEOS_DEPLOYMENT_TARGET = 7.0;
				ONLY_ACTIVE_ARCH = YES;
				SDKROOT = iphoneos;
				TARGETED_DEVICE_FAMILY = 1;
			};
			name = Debug;
		};
		18B2EE391946E0EF00264B74 /* Release */ = {
			isa = XCBuildConfiguration;
			buildSettings = {
				ALWAYS_SEARCH_USER_PATHS = NO;
				CLANG_CXX_LANGUAGE_STANDARD = "gnu++0x";
				CLANG_CXX_LIBRARY = "libc++";
				CLANG_ENABLE_MODULES = YES;
				CLANG_ENABLE_OBJC_ARC = YES;
				CLANG_WARN_BOOL_CONVERSION = YES;
				CLANG_WARN_CONSTANT_CONVERSION = YES;
				CLANG_WARN_DIRECT_OBJC_ISA_USAGE = YES_ERROR;
				CLANG_WARN_EMPTY_BODY = YES;
				CLANG_WARN_ENUM_CONVERSION = YES;
				CLANG_WARN_INT_CONVERSION = YES;
				CLANG_WARN_OBJC_ROOT_CLASS = YES_ERROR;
				CLANG_WARN__DUPLICATE_METHOD_MATCH = YES;
				"CODE_SIGN_IDENTITY[sdk=iphoneos*]" = "iPhone Developer";
				COPY_PHASE_STRIP = YES;
				ENABLE_NS_ASSERTIONS = NO;
				GCC_C_LANGUAGE_STANDARD = gnu99;
				GCC_WARN_64_TO_32_BIT_CONVERSION = YES;
				GCC_WARN_ABOUT_RETURN_TYPE = YES_ERROR;
				GCC_WARN_UNDECLARED_SELECTOR = YES;
				GCC_WARN_UNINITIALIZED_AUTOS = YES_AGGRESSIVE;
				GCC_WARN_UNUSED_FUNCTION = YES;
				GCC_WARN_UNUSED_VARIABLE = YES;
				IPHONEOS_DEPLOYMENT_TARGET = 7.0;
				SDKROOT = iphoneos;
				TARGETED_DEVICE_FAMILY = 1;
				VALIDATE_PRODUCT = YES;
			};
			name = Release;
		};
		18B2EE3B1946E0EF00264B74 /* Debug */ = {
			isa = XCBuildConfiguration;
			baseConfigurationReference = F77DB5366FE14651B4C079AC /* Pods.xcconfig */;
			buildSettings = {
				ASSETCATALOG_COMPILER_APPICON_NAME = AppIcon;
				ASSETCATALOG_COMPILER_LAUNCHIMAGE_NAME = LaunchImage;
				CODE_SIGN_IDENTITY = "iPhone Developer";
				GCC_PRECOMPILE_PREFIX_HEADER = YES;
				GCC_PREFIX_HEADER = "LosApp/LosApp-Prefix.pch";
				INFOPLIST_FILE = "LosApp/LosApp-Info.plist";
				IPHONEOS_DEPLOYMENT_TARGET = 7.0;
				PRODUCT_NAME = "$(TARGET_NAME)";
				TARGETED_DEVICE_FAMILY = 1;
				WRAPPER_EXTENSION = app;
			};
			name = Debug;
		};
		18B2EE3C1946E0EF00264B74 /* Release */ = {
			isa = XCBuildConfiguration;
			baseConfigurationReference = F77DB5366FE14651B4C079AC /* Pods.xcconfig */;
			buildSettings = {
				ASSETCATALOG_COMPILER_APPICON_NAME = AppIcon;
				ASSETCATALOG_COMPILER_LAUNCHIMAGE_NAME = LaunchImage;
				CODE_SIGN_IDENTITY = "iPhone Developer";
				GCC_PRECOMPILE_PREFIX_HEADER = YES;
				GCC_PREFIX_HEADER = "LosApp/LosApp-Prefix.pch";
				INFOPLIST_FILE = "LosApp/LosApp-Info.plist";
				IPHONEOS_DEPLOYMENT_TARGET = 7.0;
				PRODUCT_NAME = "$(TARGET_NAME)";
				TARGETED_DEVICE_FAMILY = 1;
				WRAPPER_EXTENSION = app;
			};
			name = Release;
		};
/* End XCBuildConfiguration section */

/* Begin XCConfigurationList section */
		18B2EE091946E0EF00264B74 /* Build configuration list for PBXProject "LosApp" */ = {
			isa = XCConfigurationList;
			buildConfigurations = (
				18B2EE381946E0EF00264B74 /* Debug */,
				18B2EE391946E0EF00264B74 /* Release */,
			);
			defaultConfigurationIsVisible = 0;
			defaultConfigurationName = Release;
		};
		18B2EE3A1946E0EF00264B74 /* Build configuration list for PBXNativeTarget "LosApp" */ = {
			isa = XCConfigurationList;
			buildConfigurations = (
				18B2EE3B1946E0EF00264B74 /* Debug */,
				18B2EE3C1946E0EF00264B74 /* Release */,
			);
			defaultConfigurationIsVisible = 0;
			defaultConfigurationName = Release;
		};
/* End XCConfigurationList section */
	};
	rootObject = 18B2EE061946E0EF00264B74 /* Project object */;
}
